// !$*UTF8*$!
{
	archiveVersion = 1;
	classes = {
	};
	objectVersion = 56;
	objects = {

/* Begin PBXBuildFile section */
		3DAD8A8A2A02F7A1000FA5A0 /* CodeWithChrisApp.swift in Sources */ = {isa = PBXBuildFile; fileRef = 3DAD8A892A02F7A1000FA5A0 /* CodeWithChrisApp.swift */; };
		3DAD8A8C2A02F7A1000FA5A0 /* ContentView.swift in Sources */ = {isa = PBXBuildFile; fileRef = 3DAD8A8B2A02F7A1000FA5A0 /* ContentView.swift */; };
		3DAD8A8E2A02F7A2000FA5A0 /* Assets.xcassets in Resources */ = {isa = PBXBuildFile; fileRef = 3DAD8A8D2A02F7A2000FA5A0 /* Assets.xcassets */; };
		3DAD8A912A02F7A2000FA5A0 /* Preview Assets.xcassets in Resources */ = {isa = PBXBuildFile; fileRef = 3DAD8A902A02F7A2000FA5A0 /* Preview Assets.xcassets */; };
		3DAD8A9F2A02F8F8000FA5A0 /* Lesson3Challenge.swift in Sources */ = {isa = PBXBuildFile; fileRef = 3DAD8A9E2A02F8F8000FA5A0 /* Lesson3Challenge.swift */; };
		3DAD8AA12A02F94F000FA5A0 /* Lesson4Challenge.swift in Sources */ = {isa = PBXBuildFile; fileRef = 3DAD8AA02A02F94F000FA5A0 /* Lesson4Challenge.swift */; };
/* End PBXBuildFile section */

/* Begin PBXFileReference section */
		3DAD8A862A02F7A1000FA5A0 /* CodeWithChris.app */ = {isa = PBXFileReference; explicitFileType = wrapper.application; includeInIndex = 0; path = CodeWithChris.app; sourceTree = BUILT_PRODUCTS_DIR; };
		3DAD8A892A02F7A1000FA5A0 /* CodeWithChrisApp.swift */ = {isa = PBXFileReference; lastKnownFileType = sourcecode.swift; path = CodeWithChrisApp.swift; sourceTree = "<group>"; };
		3DAD8A8B2A02F7A1000FA5A0 /* ContentView.swift */ = {isa = PBXFileReference; lastKnownFileType = sourcecode.swift; path = ContentView.swift; sourceTree = "<group>"; };
		3DAD8A8D2A02F7A2000FA5A0 /* Assets.xcassets */ = {isa = PBXFileReference; lastKnownFileType = folder.assetcatalog; path = Assets.xcassets; sourceTree = "<group>"; };
		3DAD8A902A02F7A2000FA5A0 /* Preview Assets.xcassets */ = {isa = PBXFileReference; lastKnownFileType = folder.assetcatalog; path = "Preview Assets.xcassets"; sourceTree = "<group>"; };
		3DAD8A9E2A02F8F8000FA5A0 /* Lesson3Challenge.swift */ = {isa = PBXFileReference; fileEncoding = 4; lastKnownFileType = sourcecode.swift; path = Lesson3Challenge.swift; sourceTree = "<group>"; };
		3DAD8AA02A02F94F000FA5A0 /* Lesson4Challenge.swift */ = {isa = PBXFileReference; fileEncoding = 4; lastKnownFileType = sourcecode.swift; path = Lesson4Challenge.swift; sourceTree = "<group>"; };
/* End PBXFileReference section */

/* Begin PBXFrameworksBuildPhase section */
		3DAD8A832A02F7A1000FA5A0 /* Frameworks */ = {
			isa = PBXFrameworksBuildPhase;
			buildActionMask = 2147483647;
			files = (
			);
			runOnlyForDeploymentPostprocessing = 0;
		};
/* End PBXFrameworksBuildPhase section */

/* Begin PBXGroup section */
		3DAD8A7D2A02F7A1000FA5A0 = {
			isa = PBXGroup;
			children = (
				3DAD8A882A02F7A1000FA5A0 /* CodeWithChris */,
				3DAD8A872A02F7A1000FA5A0 /* Products */,
			);
			sourceTree = "<group>";
		};
		3DAD8A872A02F7A1000FA5A0 /* Products */ = {
			isa = PBXGroup;
			children = (
				3DAD8A862A02F7A1000FA5A0 /* CodeWithChris.app */,
			);
			name = Products;
			sourceTree = "<group>";
		};
		3DAD8A882A02F7A1000FA5A0 /* CodeWithChris */ = {
			isa = PBXGroup;
			children = (
				3DAD8A892A02F7A1000FA5A0 /* CodeWithChrisApp.swift */,
				3DAD8A8B2A02F7A1000FA5A0 /* ContentView.swift */,
				3DAD8A9B2A02F807000FA5A0 /* Challenges */,
				3DAD8A8D2A02F7A2000FA5A0 /* Assets.xcassets */,
				3DAD8A8F2A02F7A2000FA5A0 /* Preview Content */,
			);
			path = CodeWithChris;
			sourceTree = "<group>";
		};
		3DAD8A8F2A02F7A2000FA5A0 /* Preview Content */ = {
			isa = PBXGroup;
			children = (
				3DAD8A902A02F7A2000FA5A0 /* Preview Assets.xcassets */,
			);
			path = "Preview Content";
			sourceTree = "<group>";
		};
		3DAD8A9B2A02F807000FA5A0 /* Challenges */ = {
			isa = PBXGroup;
			children = (
				3DAD8A9E2A02F8F8000FA5A0 /* Lesson3Challenge.swift */,
				3DAD8AA02A02F94F000FA5A0 /* Lesson4Challenge.swift */,
			);
			path = Challenges;
			sourceTree = "<group>";
		};
/* End PBXGroup section */

/* Begin PBXNativeTarget section */
		3DAD8A852A02F7A1000FA5A0 /* CodeWithChris */ = {
			isa = PBXNativeTarget;
			buildConfigurationList = 3DAD8A942A02F7A2000FA5A0 /* Build configuration list for PBXNativeTarget "CodeWithChris" */;
			buildPhases = (
				3DAD8A822A02F7A1000FA5A0 /* Sources */,
				3DAD8A832A02F7A1000FA5A0 /* Frameworks */,
				3DAD8A842A02F7A1000FA5A0 /* Resources */,
			);
			buildRules = (
			);
			dependencies = (
			);
			name = CodeWithChris;
			productName = CodeWithChris;
			productReference = 3DAD8A862A02F7A1000FA5A0 /* CodeWithChris.app */;
			productType = "com.apple.product-type.application";
		};
/* End PBXNativeTarget section */

/* Begin PBXProject section */
		3DAD8A7E2A02F7A1000FA5A0 /* Project object */ = {
			isa = PBXProject;
			attributes = {
				BuildIndependentTargetsInParallel = 1;
				LastSwiftUpdateCheck = 1400;
				LastUpgradeCheck = 1400;
				TargetAttributes = {
					3DAD8A852A02F7A1000FA5A0 = {
						CreatedOnToolsVersion = 14.0.1;
					};
				};
			};
			buildConfigurationList = 3DAD8A812A02F7A1000FA5A0 /* Build configuration list for PBXProject "CodeWithChris" */;
			compatibilityVersion = "Xcode 14.0";
			developmentRegion = en;
			hasScannedForEncodings = 0;
			knownRegions = (
				en,
				Base,
			);
			mainGroup = 3DAD8A7D2A02F7A1000FA5A0;
			productRefGroup = 3DAD8A872A02F7A1000FA5A0 /* Products */;
			projectDirPath = "";
			projectRoot = "";
			targets = (
				3DAD8A852A02F7A1000FA5A0 /* CodeWithChris */,
			);
		};
/* End PBXProject section */

/* Begin PBXResourcesBuildPhase section */
		3DAD8A842A02F7A1000FA5A0 /* Resources */ = {
			isa = PBXResourcesBuildPhase;
			buildActionMask = 2147483647;
			files = (
				3DAD8A912A02F7A2000FA5A0 /* Preview Assets.xcassets in Resources */,
				3DAD8A8E2A02F7A2000FA5A0 /* Assets.xcassets in Resources */,
			);
			runOnlyForDeploymentPostprocessing = 0;
		};
/* End PBXResourcesBuildPhase section */

/* Begin PBXSourcesBuildPhase section */
		3DAD8A822A02F7A1000FA5A0 /* Sources */ = {
			isa = PBXSourcesBuildPhase;
			buildActionMask = 2147483647;
			files = (
				3DAD8AA12A02F94F000FA5A0 /* Lesson4Challenge.swift in Sources */,
				3DAD8A8C2A02F7A1000FA5A0 /* ContentView.swift in Sources */,
				3DAD8A9F2A02F8F8000FA5A0 /* Lesson3Challenge.swift in Sources */,
				3DAD8A8A2A02F7A1000FA5A0 /* CodeWithChrisApp.swift in Sources */,
			);
			runOnlyForDeploymentPostprocessing = 0;
		};
/* End PBXSourcesBuildPhase section */

/* Begin XCBuildConfiguration section */
		3DAD8A922A02F7A2000FA5A0 /* Debug */ = {
			isa = XCBuildConfiguration;
			buildSettings = {
				ALWAYS_SEARCH_USER_PATHS = NO;
				CLANG_ANALYZER_NONNULL = YES;
				CLANG_ANALYZER_NUMBER_OBJECT_CONVERSION = YES_AGGRESSIVE;
				CLANG_CXX_LANGUAGE_STANDARD = "gnu++20";
				CLANG_ENABLE_MODULES = YES;
				CLANG_ENABLE_OBJC_ARC = YES;
				CLANG_ENABLE_OBJC_WEAK = YES;
				CLANG_WARN_BLOCK_CAPTURE_AUTORELEASING = YES;
				CLANG_WARN_BOOL_CONVERSION = YES;
				CLANG_WARN_COMMA = YES;
				CLANG_WARN_CONSTANT_CONVERSION = YES;
				CLANG_WARN_DEPRECATED_OBJC_IMPLEMENTATIONS = YES;
				CLANG_WARN_DIRECT_OBJC_ISA_USAGE = YES_ERROR;
				CLANG_WARN_DOCUMENTATION_COMMENTS = YES;
				CLANG_WARN_EMPTY_BODY = YES;
				CLANG_WARN_ENUM_CONVERSION = YES;
				CLANG_WARN_INFINITE_RECURSION = YES;
				CLANG_WARN_INT_CONVERSION = YES;
				CLANG_WARN_NON_LITERAL_NULL_CONVERSION = YES;
				CLANG_WARN_OBJC_IMPLICIT_RETAIN_SELF = YES;
				CLANG_WARN_OBJC_LITERAL_CONVERSION = YES;
				CLANG_WARN_OBJC_ROOT_CLASS = YES_ERROR;
				CLANG_WARN_QUOTED_INCLUDE_IN_FRAMEWORK_HEADER = YES;
				CLANG_WARN_RANGE_LOOP_ANALYSIS = YES;
				CLANG_WARN_STRICT_PROTOTYPES = YES;
				CLANG_WARN_SUSPICIOUS_MOVE = YES;
				CLANG_WARN_UNGUARDED_AVAILABILITY = YES_AGGRESSIVE;
				CLANG_WARN_UNREACHABLE_CODE = YES;
				CLANG_WARN__DUPLICATE_METHOD_MATCH = YES;
				COPY_PHASE_STRIP = NO;
				DEBUG_INFORMATION_FORMAT = dwarf;
				ENABLE_STRICT_OBJC_MSGSEND = YES;
				ENABLE_TESTABILITY = YES;
				GCC_C_LANGUAGE_STANDARD = gnu11;
				GCC_DYNAMIC_NO_PIC = NO;
				GCC_NO_COMMON_BLOCKS = YES;
				GCC_OPTIMIZATION_LEVEL = 0;
				GCC_PREPROCESSOR_DEFINITIONS = (
					"DEBUG=1",
					"$(inherited)",
				);
				GCC_WARN_64_TO_32_BIT_CONVERSION = YES;
				GCC_WARN_ABOUT_RETURN_TYPE = YES_ERROR;
				GCC_WARN_UNDECLARED_SELECTOR = YES;
				GCC_WARN_UNINITIALIZED_AUTOS = YES_AGGRESSIVE;
				GCC_WARN_UNUSED_FUNCTION = YES;
				GCC_WARN_UNUSED_VARIABLE = YES;
				IPHONEOS_DEPLOYMENT_TARGET = 16.0;
				MTL_ENABLE_DEBUG_INFO = INCLUDE_SOURCE;
				MTL_FAST_MATH = YES;
				ONLY_ACTIVE_ARCH = YES;
				SDKROOT = iphoneos;
				SWIFT_ACTIVE_COMPILATION_CONDITIONS = DEBUG;
				SWIFT_OPTIMIZATION_LEVEL = "-Onone";
			};
			name = Debug;
		};
		3DAD8A932A02F7A2000FA5A0 /* Release */ = {
			isa = XCBuildConfiguration;
			buildSettings = {
				ALWAYS_SEARCH_USER_PATHS = NO;
				CLANG_ANALYZER_NONNULL = YES;
				CLANG_ANALYZER_NUMBER_OBJECT_CONVERSION = YES_AGGRESSIVE;
				CLANG_CXX_LANGUAGE_STANDARD = "gnu++20";
				CLANG_ENABLE_MODULES = YES;
				CLANG_ENABLE_OBJC_ARC = YES;
				CLANG_ENABLE_OBJC_WEAK = YES;
				CLANG_WARN_BLOCK_CAPTURE_AUTORELEASING = YES;
				CLANG_WARN_BOOL_CONVERSION = YES;
				CLANG_WARN_COMMA = YES;
				CLANG_WARN_CONSTANT_CONVERSION = YES;
				CLANG_WARN_DEPRECATED_OBJC_IMPLEMENTATIONS = YES;
				CLANG_WARN_DIRECT_OBJC_ISA_USAGE = YES_ERROR;
				CLANG_WARN_DOCUMENTATION_COMMENTS = YES;
				CLANG_WARN_EMPTY_BODY = YES;
				CLANG_WARN_ENUM_CONVERSION = YES;
				CLANG_WARN_INFINITE_RECURSION = YES;
				CLANG_WARN_INT_CONVERSION = YES;
				CLANG_WARN_NON_LITERAL_NULL_CONVERSION = YES;
				CLANG_WARN_OBJC_IMPLICIT_RETAIN_SELF = YES;
				CLANG_WARN_OBJC_LITERAL_CONVERSION = YES;
				CLANG_WARN_OBJC_ROOT_CLASS = YES_ERROR;
				CLANG_WARN_QUOTED_INCLUDE_IN_FRAMEWORK_HEADER = YES;
				CLANG_WARN_RANGE_LOOP_ANALYSIS = YES;
				CLANG_WARN_STRICT_PROTOTYPES = YES;
				CLANG_WARN_SUSPICIOUS_MOVE = YES;
				CLANG_WARN_UNGUARDED_AVAILABILITY = YES_AGGRESSIVE;
				CLANG_WARN_UNREACHABLE_CODE = YES;
				CLANG_WARN__DUPLICATE_METHOD_MATCH = YES;
				COPY_PHASE_STRIP = NO;
				DEBUG_INFORMATION_FORMAT = "dwarf-with-dsym";
				ENABLE_NS_ASSERTIONS = NO;
				ENABLE_STRICT_OBJC_MSGSEND = YES;
				GCC_C_LANGUAGE_STANDARD = gnu11;
				GCC_NO_COMMON_BLOCKS = YES;
				GCC_WARN_64_TO_32_BIT_CONVERSION = YES;
				GCC_WARN_ABOUT_RETURN_TYPE = YES_ERROR;
				GCC_WARN_UNDECLARED_SELECTOR = YES;
				GCC_WARN_UNINITIALIZED_AUTOS = YES_AGGRESSIVE;
				GCC_WARN_UNUSED_FUNCTION = YES;
				GCC_WARN_UNUSED_VARIABLE = YES;
				IPHONEOS_DEPLOYMENT_TARGET = 16.0;
				MTL_ENABLE_DEBUG_INFO = NO;
				MTL_FAST_MATH = YES;
				SDKROOT = iphoneos;
				SWIFT_COMPILATION_MODE = wholemodule;
				SWIFT_OPTIMIZATION_LEVEL = "-O";
				VALIDATE_PRODUCT = YES;
			};
			name = Release;
		};
		3DAD8A952A02F7A2000FA5A0 /* Debug */ = {
			isa = XCBuildConfiguration;
			buildSettings = {
				ASSETCATALOG_COMPILER_APPICON_NAME = AppIcon;
				ASSETCATALOG_COMPILER_GLOBAL_ACCENT_COLOR_NAME = AccentColor;
				CODE_SIGN_STYLE = Automatic;
				CURRENT_PROJECT_VERSION = 1;
				DEVELOPMENT_ASSET_PATHS = "\"CodeWithChris/Preview Content\"";
				DEVELOPMENT_TEAM = 5SKVZRCRN5;
				ENABLE_PREVIEWS = YES;
				GENERATE_INFOPLIST_FILE = YES;
				INFOPLIST_KEY_UIApplicationSceneManifest_Generation = YES;
				INFOPLIST_KEY_UIApplicationSupportsIndirectInputEvents = YES;
				INFOPLIST_KEY_UILaunchScreen_Generation = YES;
				INFOPLIST_KEY_UISupportedInterfaceOrientations_iPad = "UIInterfaceOrientationPortrait UIInterfaceOrientationPortraitUpsideDown UIInterfaceOrientationLandscapeLeft UIInterfaceOrientationLandscapeRight";
				INFOPLIST_KEY_UISupportedInterfaceOrientations_iPhone = "UIInterfaceOrientationPortrait UIInterfaceOrientationLandscapeLeft UIInterfaceOrientationLandscapeRight";
				LD_RUNPATH_SEARCH_PATHS = (
					"$(inherited)",
					"@executable_path/Frameworks",
				);
				MARKETING_VERSION = 1.0;
				PRODUCT_BUNDLE_IDENTIFIER = com.enbcreative.CodeWithChris;
				PRODUCT_NAME = "$(TARGET_NAME)";
				SWIFT_EMIT_LOC_STRINGS = YES;
				SWIFT_VERSION = 5.0;
				TARGETED_DEVICE_FAMILY = "1,2";
			};
			name = Debug;
		};
		3DAD8A962A02F7A2000FA5A0 /* Release */ = {
			isa = XCBuildConfiguration;
			buildSettings = {
				ASSETCATALOG_COMPILER_APPICON_NAME = AppIcon;
				ASSETCATALOG_COMPILER_GLOBAL_ACCENT_COLOR_NAME = AccentColor;
				CODE_SIGN_STYLE = Automatic;
				CURRENT_PROJECT_VERSION = 1;
				DEVELOPMENT_ASSET_PATHS = "\"CodeWithChris/Preview Content\"";
				DEVELOPMENT_TEAM = 5SKVZRCRN5;
				ENABLE_PREVIEWS = YES;
				GENERATE_INFOPLIST_FILE = YES;
				INFOPLIST_KEY_UIApplicationSceneManifest_Generation = YES;
				INFOPLIST_KEY_UIApplicationSupportsIndirectInputEvents = YES;
				INFOPLIST_KEY_UILaunchScreen_Generation = YES;
				INFOPLIST_KEY_UISupportedInterfaceOrientations_iPad = "UIInterfaceOrientationPortrait UIInterfaceOrientationPortraitUpsideDown UIInterfaceOrientationLandscapeLeft UIInterfaceOrientationLandscapeRight";
				INFOPLIST_KEY_UISupportedInterfaceOrientations_iPhone = "UIInterfaceOrientationPortrait UIInterfaceOrientationLandscapeLeft UIInterfaceOrientationLandscapeRight";
				LD_RUNPATH_SEARCH_PATHS = (
					"$(inherited)",
					"@executable_path/Frameworks",
				);
				MARKETING_VERSION = 1.0;
				PRODUCT_BUNDLE_IDENTIFIER = com.enbcreative.CodeWithChris;
				PRODUCT_NAME = "$(TARGET_NAME)";
				SWIFT_EMIT_LOC_STRINGS = YES;
				SWIFT_VERSION = 5.0;
				TARGETED_DEVICE_FAMILY = "1,2";
			};
			name = Release;
		};
/* End XCBuildConfiguration section */

/* Begin XCConfigurationList section */
		3DAD8A812A02F7A1000FA5A0 /* Build configuration list for PBXProject "CodeWithChris" */ = {
			isa = XCConfigurationList;
			buildConfigurations = (
				3DAD8A922A02F7A2000FA5A0 /* Debug */,
				3DAD8A932A02F7A2000FA5A0 /* Release */,
			);
			defaultConfigurationIsVisible = 0;
			defaultConfigurationName = Release;
		};
		3DAD8A942A02F7A2000FA5A0 /* Build configuration list for PBXNativeTarget "CodeWithChris" */ = {
			isa = XCConfigurationList;
			buildConfigurations = (
				3DAD8A952A02F7A2000FA5A0 /* Debug */,
				3DAD8A962A02F7A2000FA5A0 /* Release */,
			);
			defaultConfigurationIsVisible = 0;
			defaultConfigurationName = Release;
		};
/* End XCConfigurationList section */
	};
	rootObject = 3DAD8A7E2A02F7A1000FA5A0 /* Project object */;
}
